GEM
  remote: https://rubygems.org/
  specs:
    addressable (2.8.9)
      public_suffix (>= 2.0.2, < 8.0)
    base64 (0.3.0)
    bigdecimal (3.3.1)
    concurrent-ruby (1.3.6)
    crass (1.0.6)
    domain_name (0.6.20240107)
    faraday (2.14.1)
      faraday-net_http (>= 2.0, < 3.5)
      json
      logger
    faraday-net_http (3.4.2)
      net-http (~> 0.5)
    faraday-retry (2.4.0)
      faraday (~> 2.0)
    feedjira (4.0.1)
      logger (>= 1.0, < 2)
      loofah (>= 2.3.1, < 3)
      sax-machine (>= 1.0, < 2)
    gapic-common (1.3.0)
      faraday (>= 1.9, < 3.a)
      faraday-retry (>= 1.0, < 3.a)
      google-cloud-env (~> 2.2)
      google-logging-utils (~> 0.1)
      google-protobuf (~> 4.26)
      googleapis-common-protos (~> 1.6)
      googleapis-common-protos-types (~> 1.15)
      googleauth (~> 1.12)
      grpc (~> 1.66)
    google-cloud-core (1.8.0)
      google-cloud-env (>= 1.0, < 3.a)
      google-cloud-errors (~> 1.0)
    google-cloud-env (2.3.1)
      base64 (~> 0.2)
      faraday (>= 1.0, < 3.a)
    google-cloud-errors (1.6.0)
    google-cloud-firestore (3.1.1)
      bigdecimal (~> 3.0)
      concurrent-ruby (~> 1.0)
      google-cloud-core (~> 1.7)
      google-cloud-firestore-v1 (~> 2.0)
      rbtree (~> 0.4.2)
    google-cloud-firestore-v1 (2.3.0)
      gapic-common (~> 1.2)
      google-cloud-errors (~> 1.0)
      google-cloud-location (~> 1.0)
    google-cloud-location (1.3.0)
      gapic-common (~> 1.2)
      google-cloud-errors (~> 1.0)
    google-cloud-pubsub (3.2.1)
      concurrent-ruby (~> 1.3)
      google-cloud-core (~> 1.8)
      google-cloud-pubsub-v1 (~> 1.11)
      retriable (~> 3.1)
    google-cloud-pubsub-v1 (1.14.2)
      gapic-common (~> 1.2)
      google-cloud-errors (~> 1.0)
      google-iam-v1 (~> 1.3)
    google-iam-v1 (1.5.1)
      gapic-common (~> 1.2)
      google-cloud-errors (~> 1.0)
      grpc-google-iam-v1 (~> 1.11)
    google-logging-utils (0.2.0)
    google-protobuf (4.34.1)
      bigdecimal
      rake (~> 13.3)
    google-protobuf (4.34.1-aarch64-linux-gnu)
      bigdecimal
      rake (~> 13.3)
    google-protobuf (4.34.1-aarch64-linux-musl)
      bigdecimal
      rake (~> 13.3)
    google-protobuf (4.34.1-arm64-darwin)
      bigdecimal
      rake (~> 13.3)
    google-protobuf (4.34.1-x86_64-darwin)
      bigdecimal
      rake (~> 13.3)
    google-protobuf (4.34.1-x86_64-linux-gnu)
      bigdecimal
      rake (~> 13.3)
    google-protobuf (4.34.1-x86_64-linux-musl)
      bigdecimal
      rake (~> 13.3)
    googleapis-common-protos (1.7.0)
      google-protobuf (>= 3.18, < 5.a)
      googleapis-common-protos-types (~> 1.7)
      grpc (~> 1.41)
    googleapis-common-protos-types (1.22.0)
      google-protobuf (~> 4.26)
    googleauth (1.16.2)
      faraday (>= 1.0, < 3.a)
      google-cloud-env (~> 2.2)
      google-logging-utils (~> 0.1)
      jwt (>= 1.4, < 4.0)
      multi_json (~> 1.11)
      os (>= 0.9, < 2.0)
      signet (>= 0.16, < 2.a)
    grpc (1.78.1)
      google-protobuf (>= 3.25, < 5.0)
      googleapis-common-protos-types (~> 1.0)
    grpc (1.78.1-aarch64-linux-gnu)
      google-protobuf (>= 3.25, < 5.0)
      googleapis-common-protos-types (~> 1.0)
    grpc (1.78.1-aarch64-linux-musl)
      google-protobuf (>= 3.25, < 5.0)
      googleapis-common-protos-types (~> 1.0)
    grpc (1.78.1-arm64-darwin)
      google-protobuf (>= 3.25, < 5.0)
      googleapis-common-protos-types (~> 1.0)
    grpc (1.78.1-x86_64-darwin)
      google-protobuf (>= 3.25, < 5.0)
      googleapis-common-protos-types (~> 1.0)
    grpc (1.78.1-x86_64-linux-gnu)
      google-protobuf (>= 3.25, < 5.0)
      googleapis-common-protos-types (~> 1.0)
    grpc (1.78.1-x86_64-linux-musl)
      google-protobuf (>= 3.25, < 5.0)
      googleapis-common-protos-types (~> 1.0)
    grpc-google-iam-v1 (1.11.0)
      google-protobuf (>= 3.18, < 5.a)
      googleapis-common-protos (~> 1.7.0)
      grpc (~> 1.41)
    http-accept (1.7.0)
    http-cookie (1.1.0)
      domain_name (~> 0.5)
    json (2.19.2)
    jwt (3.1.2)
      base64
    logger (1.7.0)
    loofah (2.25.1)
      crass (~> 1.0.2)
      nokogiri (>= 1.12.0)
    mime-types (3.7.0)
      logger
      mime-types-data (~> 3.2025, >= 3.2025.0507)
    mime-types-data (3.2026.0317)
    multi_json (1.19.1)
    net-http (0.9.1)
      uri (>= 0.11.1)
    netrc (0.11.0)
    nokogiri (1.19.2-aarch64-linux-gnu)
      racc (~> 1.4)
    nokogiri (1.19.2-aarch64-linux-musl)
      racc (~> 1.4)
    nokogiri (1.19.2-arm-linux-gnu)
      racc (~> 1.4)
    nokogiri (1.19.2-arm-linux-musl)
      racc (~> 1.4)
    nokogiri (1.19.2-arm64-darwin)
      racc (~> 1.4)
    nokogiri (1.19.2-x86_64-darwin)
      racc (~> 1.4)
    nokogiri (1.19.2-x86_64-linux-gnu)
      racc (~> 1.4)
    nokogiri (1.19.2-x86_64-linux-musl)
      racc (~> 1.4)
    ons-json-logger (1.0.0)
    os (1.1.4)
    public_suffix (7.0.5)
    racc (1.8.1)
    rake (13.3.1)
    rbtree (0.4.6)
    rest-client (2.1.0)
      http-accept (>= 1.7.0, < 2.0)
      http-cookie (>= 1.0.2, < 2.0)
      mime-types (>= 1.16, < 4.0)
      netrc (~> 0.8)
    retriable (3.4.1)
    sanitize (7.0.0)
      crass (~> 1.0.2)
      nokogiri (>= 1.16.8)
    sax-machine (1.3.2)
    signet (0.21.0)
      addressable (~> 2.8)
      faraday (>= 0.17.5, < 3.a)
      jwt (>= 1.5, < 4.0)
      multi_json (~> 1.10)
    uri (1.1.1)

PLATFORMS
  aarch64-linux-gnu
  aarch64-linux-musl
  arm-linux-gnu
  arm-linux-musl
  arm64-darwin
  x86_64-darwin
  x86_64-linux-gnu
  x86_64-linux-musl

DEPENDENCIES
  feedjira
  google-cloud-firestore
  google-cloud-pubsub
  json
  nokogiri
  ons-json-logger
  rest-client
  sanitize

CHECKSUMS
  addressable (2.8.9) sha256=cc154fcbe689711808a43601dee7b980238ce54368d23e127421753e46895485
  base64 (0.3.0) sha256=27337aeabad6ffae05c265c450490628ef3ebd4b67be58257393227588f5a97b
  bigdecimal (3.3.1) sha256=eaa01e228be54c4f9f53bf3cc34fe3d5e845c31963e7fcc5bedb05a4e7d52218
  concurrent-ruby (1.3.6) sha256=6b56837e1e7e5292f9864f34b69c5a2cbc75c0cf5338f1ce9903d10fa762d5ab
  crass (1.0.6) sha256=dc516022a56e7b3b156099abc81b6d2b08ea1ed12676ac7a5657617f012bd45d
  domain_name (0.6.20240107) sha256=5f693b2215708476517479bf2b3802e49068ad82167bcd2286f899536a17d933
  faraday (2.14.1) sha256=a43cceedc1e39d188f4d2cdd360a8aaa6a11da0c407052e426ba8d3fb42ef61c
  faraday-net_http (3.4.2) sha256=f147758260d3526939bf57ecf911682f94926a3666502e24c69992765875906c
  faraday-retry (2.4.0) sha256=7b79c48fb7e56526faf247b12d94a680071ff40c9fda7cf1ec1549439ad11ebe
  feedjira (4.0.1) sha256=04a8bcec4332e599868ce55f8d723cff5cd6c8056b66d232424b51ad13ace86a
  gapic-common (1.3.0) sha256=4e5d9be1effb7366e2cda13c0f44922285d5613ac8de8b9b18c2c835fe4faa91
  google-cloud-core (1.8.0) sha256=e572edcbf189cfcab16590628a516cec3f4f63454b730e59f0b36575120281cf
  google-cloud-env (2.3.1) sha256=0faac01eb27be78c2591d64433663b1a114f8f7af55a4f819755426cac9178e7
  google-cloud-errors (1.6.0) sha256=1da8476dd706ad04b9d32e3c4b90d07d3463b37d6407cb56d41342ea7647d0a1
  google-cloud-firestore (3.1.1) sha256=b2ab35fdfa61c8e862781b23c3b3e8bdc82e9b590ba78a4251514b5e5434b15f
  google-cloud-firestore-v1 (2.3.0) sha256=d2567c4aef2e1888fa95a25da8a85f78775e83a9075ca5c550098f0ccea41d5b
  google-cloud-location (1.3.0) sha256=3df2153b57eadc8c799a48f301752d37fd04b9e1583e26a06d5d20c1471011da
  google-cloud-pubsub (3.2.1) sha256=73a8dabdb7c6ab47a270b7ff7d92d5cd34cf79628a6698bf3cd5d531265df13b
  google-cloud-pubsub-v1 (1.14.2) sha256=7d56f2f623e5adc76e395a8bdc1cb20e9bb586a0e98fc56f13ae4910b92dbfd0
  google-iam-v1 (1.5.1) sha256=5b9e6a9d86b6b7b9e7269eb73390c3803c135db32a754fe4a44634292b6effa4
  google-logging-utils (0.2.0) sha256=675462b4ea5affa825a3442694ca2d75d0069455a1d0956127207498fca3df7b
  google-protobuf (4.34.1) sha256=347181542b8d659c60f028fa3791c9cccce651a91ad27782dbc5c5e374796cdc
  google-protobuf (4.34.1-aarch64-linux-gnu) sha256=f9c07607dc139c895f2792a7740fcd01cd94d4d7b0e0a939045b50d7999f0b1d
  google-protobuf (4.34.1-aarch64-linux-musl) sha256=db58e5a4a492b43c6614486aea31b7fb86955b175d1d48f28ebf388f058d78a9
  google-protobuf (4.34.1-arm64-darwin) sha256=2745061f973119e6e7f3c81a0c77025d291a3caa6585a2cd24a25bbc7bedb267
  google-protobuf (4.34.1-x86_64-darwin) sha256=4dc498376e218871613589c4d872400d42ad9ae0c700bdb2606fe1c77a593075
  google-protobuf (4.34.1-x86_64-linux-gnu) sha256=87088c9fd8e47b5b40ca498fc1195add6149e941ff7e81c532a5b0b8876d4cc9
  google-protobuf (4.34.1-x86_64-linux-musl) sha256=8c0e91436fbe504ffc64f0bd621f2e69adbcce8ed2c58439d7a21117069cfdd7
  googleapis-common-protos (1.7.0) sha256=b684c0b9e1800c6bb89ad64e0dcabb377a01a31ff7aec1bfebd26c183b2c9241
  googleapis-common-protos-types (1.22.0) sha256=f97492b77bd6da0018c860d5004f512fe7cd165554d7019a8f4df6a56fbfc4c7
  googleauth (1.16.2) sha256=15009502e2e38af71948cda918f230e27d327f6882a1e47967a5a4664930a638
  grpc (1.78.1) sha256=c9e8a54cf901263c25c1e17af116f9145fbfdf4b69931234581b0be2059f6758
  grpc (1.78.1-aarch64-linux-gnu) sha256=11597d75fd0efc855a5d8898867d00179ad215ddca2ec53ddb4d1b3a9bf313a4
  grpc (1.78.1-aarch64-linux-musl) sha256=ba7d5b82cf935ffd2476196b53f5abce152f1e640fb2011d937a2a6965686e3b
  grpc (1.78.1-arm64-darwin) sha256=7378b58db8dc65b19dce8006a47c0da30f1faf5d07160d2e1816c31126d3a388
  grpc (1.78.1-x86_64-darwin) sha256=4b1fe081374c3abcb7204a1396d2986c80c6478a77a93586b27c56d9237947f0
  grpc (1.78.1-x86_64-linux-gnu) sha256=c0715fe9bc80cf21fbaca2713abf8db6f628f6f31ec1d8762b667151e6ab0c9f
  grpc (1.78.1-x86_64-linux-musl) sha256=4e90a3d0f2baa1cd70756ffe116bd81bb7b398ff774272828a23a89ac9a30b06
  grpc-google-iam-v1 (1.11.0) sha256=8f0aa8a8503b3e001cb1561f31e43aa0445752fb675334afa1afac7f023f368c
  http-accept (1.7.0) sha256=c626860682bfbb3b46462f8c39cd470fd7b0584f61b3cc9df5b2e9eb9972a126
  http-cookie (1.1.0) sha256=38a5e60d1527eebc396831b8c4b9455440509881219273a6c99943d29eadbb19
  json (2.19.2) sha256=e7e1bd318b2c37c4ceee2444841c86539bc462e81f40d134cf97826cb14e83cf
  jwt (3.1.2) sha256=af6991f19a6bb4060d618d9add7a66f0eeb005ac0bc017cd01f63b42e122d535
  logger (1.7.0) sha256=196edec7cc44b66cfb40f9755ce11b392f21f7967696af15d274dde7edff0203
  loofah (2.25.1) sha256=d436c73dbd0c1147b16c4a41db097942d217303e1f7728704b37e4df9f6d2e04
  mime-types (3.7.0) sha256=dcebf61c246f08e15a4de34e386ebe8233791e868564a470c3fe77c00eed5e56
  mime-types-data (3.2026.0317) sha256=77f078a4d8631d52b842ba77099734b06eddb7ad339d792e746d2272b67e511b
  multi_json (1.19.1) sha256=7aefeff8f2c854bf739931a238e4aea64592845e0c0395c8a7d2eea7fdd631b7
  net-http (0.9.1) sha256=25ba0b67c63e89df626ed8fac771d0ad24ad151a858af2cc8e6a716ca4336996
  netrc (0.11.0) sha256=de1ce33da8c99ab1d97871726cba75151113f117146becbe45aa85cb3dabee3f
  nokogiri (1.19.2-aarch64-linux-gnu) sha256=c34d5c8208025587554608e98fd88ab125b29c80f9352b821964e9a5d5cfbd19
  nokogiri (1.19.2-aarch64-linux-musl) sha256=7f6b4b0202d507326841a4f790294bf75098aef50c7173443812e3ac5cb06515
  nokogiri (1.19.2-arm-linux-gnu) sha256=b7fa1139016f3dc850bda1260988f0d749934a939d04ef2da13bec060d7d5081
  nokogiri (1.19.2-arm-linux-musl) sha256=61114d44f6742ff72194a1b3020967201e2eb982814778d130f6471c11f9828c
  nokogiri (1.19.2-arm64-darwin) sha256=58d8ea2e31a967b843b70487a44c14c8ba1866daa1b9da9be9dbdf1b43dee205
  nokogiri (1.19.2-x86_64-darwin) sha256=7d9af11fda72dfaa2961d8c4d5380ca0b51bc389dc5f8d4b859b9644f195e7a4
  nokogiri (1.19.2-x86_64-linux-gnu) sha256=fa8feca882b73e871a9845f3817a72e9734c8e974bdc4fbad6e4bc6e8076b94f
  nokogiri (1.19.2-x86_64-linux-musl) sha256=93128448e61a9383a30baef041bf1f5817e22f297a1d400521e90294445069a8
  ons-json-logger (1.0.0) sha256=7b64d84fa12285f1cee83e140c48fb79982e0ae28c2d50bd6324467a51e422f6
  os (1.1.4) sha256=57816d6a334e7bd6aed048f4b0308226c5fb027433b67d90a9ab435f35108d3f
  public_suffix (7.0.5) sha256=1a8bb08f1bbea19228d3bed6e5ed908d1cb4f7c2726d18bd9cadf60bc676f623
  racc (1.8.1) sha256=4a7f6929691dbec8b5209a0b373bc2614882b55fc5d2e447a21aaa691303d62f
  rake (13.3.1) sha256=8c9e89d09f66a26a01264e7e3480ec0607f0c497a861ef16063604b1b08eb19c
  rbtree (0.4.6) sha256=14eea4469b24fd2472542e5f3eb105d6344c8ccf36f0b56d55fdcfeb4e0f10fc
  rest-client (2.1.0) sha256=35a6400bdb14fae28596618e312776c158f7ebbb0ccad752ff4fa142bf2747e3
  retriable (3.4.1) sha256=fb3f114b7d492121c158c01f3d5152b5a615c5b70d5877d0bc08c7ec3725c3bc
  sanitize (7.0.0) sha256=269d1b9d7326e69307723af5643ec032ff86ad616e72a3b36d301ac75a273984
  sax-machine (1.3.2) sha256=a1112678039eea4c402827ca0d377744e0f882fd6386f29f7b0023d938750d3a
  signet (0.21.0) sha256=d617e9fbf24928280d39dcfefba9a0372d1c38187ffffd0a9283957a10a8cd5b
  uri (1.1.1) sha256=379fa58d27ffb1387eaada68c749d1426738bd0f654d812fcc07e7568f5c57c6

BUNDLED WITH
  4.0.3
